// !$*UTF8*$!
{
	archiveVersion = 1;
	classes = {
	};
	objectVersion = 55;
	objects = {

/* Begin PBXBuildFile section */
		BC1C2D8C287FFE21001CBFB5 /* LgtmUserIconCell.swift in Sources */ = {isa = PBXBuildFile; fileRef = BC1C2D8A287FFE21001CBFB5 /* LgtmUserIconCell.swift */; };
		BC1C2D8D287FFE21001CBFB5 /* LgtmUserIconCell.xib in Resources */ = {isa = PBXBuildFile; fileRef = BC1C2D8B287FFE21001CBFB5 /* LgtmUserIconCell.xib */; };
		BC1C2D9028801D70001CBFB5 /* ArticleListUtil.swift in Sources */ = {isa = PBXBuildFile; fileRef = BC1C2D8F28801D70001CBFB5 /* ArticleListUtil.swift */; };
		BC1C2D9328802181001CBFB5 /* LgtmUsersModel.swift in Sources */ = {isa = PBXBuildFile; fileRef = BC1C2D9228802181001CBFB5 /* LgtmUsersModel.swift */; };
		BC1C2D9628802A10001CBFB5 /* LgtmCountCell.swift in Sources */ = {isa = PBXBuildFile; fileRef = BC1C2D9428802A10001CBFB5 /* LgtmCountCell.swift */; };
		BC1C2D9728802A10001CBFB5 /* LgtmCountCell.xib in Resources */ = {isa = PBXBuildFile; fileRef = BC1C2D9528802A10001CBFB5 /* LgtmCountCell.xib */; };
		BC1C2D9A28803562001CBFB5 /* FavoriteArticleListViewController.swift in Sources */ = {isa = PBXBuildFile; fileRef = BC1C2D9928803562001CBFB5 /* FavoriteArticleListViewController.swift */; };
		BC1C2D9C28803572001CBFB5 /* FavoriteArticleListViewController.storyboard in Resources */ = {isa = PBXBuildFile; fileRef = BC1C2D9B28803572001CBFB5 /* FavoriteArticleListViewController.storyboard */; };
		BC1C2D9E28803C97001CBFB5 /* FavoriteArticleListPresenter.swift in Sources */ = {isa = PBXBuildFile; fileRef = BC1C2D9D28803C97001CBFB5 /* FavoriteArticleListPresenter.swift */; };
		BC56AF1B287D99900037AA07 /* Alamofire in Frameworks */ = {isa = PBXBuildFile; productRef = BC56AF1A287D99900037AA07 /* Alamofire */; };
		BC56AF1E287D99C20037AA07 /* CombineCocoa in Frameworks */ = {isa = PBXBuildFile; productRef = BC56AF1D287D99C20037AA07 /* CombineCocoa */; };
		BC56AF21287D99FB0037AA07 /* SkeletonView in Frameworks */ = {isa = PBXBuildFile; productRef = BC56AF20287D99FB0037AA07 /* SkeletonView */; };
		BC6CFCC228783F9A00441CA8 /* CustomError.swift in Sources */ = {isa = PBXBuildFile; fileRef = BC6CFCC128783F9A00441CA8 /* CustomError.swift */; };
		BC6CFCC428784EDC00441CA8 /* ArticleListViewController.swift in Sources */ = {isa = PBXBuildFile; fileRef = BC6CFCC328784EDC00441CA8 /* ArticleListViewController.swift */; };
		BC6CFCC628784EFF00441CA8 /* ArticleListViewController.storyboard in Resources */ = {isa = PBXBuildFile; fileRef = BC6CFCC528784EFF00441CA8 /* ArticleListViewController.storyboard */; };
		BC6CFCC828784FF600441CA8 /* MainTabBarController.swift in Sources */ = {isa = PBXBuildFile; fileRef = BC6CFCC728784FF600441CA8 /* MainTabBarController.swift */; };
		BC765EE4287D838F0025A3B3 /* Extension+Storyboard.swift in Sources */ = {isa = PBXBuildFile; fileRef = BC765EE3287D838F0025A3B3 /* Extension+Storyboard.swift */; };
		BC765EE6287D8DF50025A3B3 /* UIViewController+Extension.swift in Sources */ = {isa = PBXBuildFile; fileRef = BC765EE5287D8DF50025A3B3 /* UIViewController+Extension.swift */; };
		BC765EE9287D8F860025A3B3 /* ArticleDetailViewController.swift in Sources */ = {isa = PBXBuildFile; fileRef = BC765EE8287D8F860025A3B3 /* ArticleDetailViewController.swift */; };
		BC765EEB287D8F8E0025A3B3 /* ArticleDetailViewController.storyboard in Resources */ = {isa = PBXBuildFile; fileRef = BC765EEA287D8F8D0025A3B3 /* ArticleDetailViewController.storyboard */; };
		BC765EEE287D928E0025A3B3 /* ArticleDetailPresenter.swift in Sources */ = {isa = PBXBuildFile; fileRef = BC765EED287D928E0025A3B3 /* ArticleDetailPresenter.swift */; };
		BC7CE3692872C6BC004D9DD8 /* Kingfisher in Frameworks */ = {isa = PBXBuildFile; productRef = BC7CE3682872C6BC004D9DD8 /* Kingfisher */; };
		BC7CE36D2872C6EC004D9DD8 /* PKHUD in Frameworks */ = {isa = PBXBuildFile; productRef = BC7CE36C2872C6EC004D9DD8 /* PKHUD */; };
		BC7CE3702872C706004D9DD8 /* Instantiate in Frameworks */ = {isa = PBXBuildFile; productRef = BC7CE36F2872C706004D9DD8 /* Instantiate */; };
		BC7CE3722872C706004D9DD8 /* InstantiateStandard in Frameworks */ = {isa = PBXBuildFile; productRef = BC7CE3712872C706004D9DD8 /* InstantiateStandard */; };
		BC7CE3892872D1E4004D9DD8 /* Articles.swift in Sources */ = {isa = PBXBuildFile; fileRef = BC7CE3882872D1E4004D9DD8 /* Articles.swift */; };
		BC7CE38B2872D2D7004D9DD8 /* QiitaAPI.swift in Sources */ = {isa = PBXBuildFile; fileRef = BC7CE38A2872D2D7004D9DD8 /* QiitaAPI.swift */; };
		BC7CE3912872D31F004D9DD8 /* Const.swift in Sources */ = {isa = PBXBuildFile; fileRef = BC7CE38D2872D31F004D9DD8 /* Const.swift */; };
		BC7CE3922872D31F004D9DD8 /* APIConst.swift in Sources */ = {isa = PBXBuildFile; fileRef = BC7CE38E2872D31F004D9DD8 /* APIConst.swift */; };
		BC7CE3992872D854004D9DD8 /* Store.swift in Sources */ = {isa = PBXBuildFile; fileRef = BC7CE3972872D854004D9DD8 /* Store.swift */; };
		BC7CE39E2872DDBA004D9DD8 /* Repository.swift in Sources */ = {isa = PBXBuildFile; fileRef = BC7CE39D2872DDBA004D9DD8 /* Repository.swift */; };
		BC7CE3A12872E554004D9DD8 /* ArticleCell.swift in Sources */ = {isa = PBXBuildFile; fileRef = BC7CE39F2872E554004D9DD8 /* ArticleCell.swift */; };
		BC7CE3A22872E554004D9DD8 /* ArticleCell.xib in Resources */ = {isa = PBXBuildFile; fileRef = BC7CE3A02872E554004D9DD8 /* ArticleCell.xib */; };
		BC7CE3A42872F1C2004D9DD8 /* ArticleListPresenter.swift in Sources */ = {isa = PBXBuildFile; fileRef = BC7CE3A32872F1C2004D9DD8 /* ArticleListPresenter.swift */; };
		BCCA1C622872C08D006B3493 /* AppDelegate.swift in Sources */ = {isa = PBXBuildFile; fileRef = BCCA1C612872C08D006B3493 /* AppDelegate.swift */; };
		BCCA1C642872C08D006B3493 /* SceneDelegate.swift in Sources */ = {isa = PBXBuildFile; fileRef = BCCA1C632872C08D006B3493 /* SceneDelegate.swift */; };
		BCCA1C692872C08D006B3493 /* Main.storyboard in Resources */ = {isa = PBXBuildFile; fileRef = BCCA1C672872C08D006B3493 /* Main.storyboard */; };
		BCCA1C6B2872C08E006B3493 /* Assets.xcassets in Resources */ = {isa = PBXBuildFile; fileRef = BCCA1C6A2872C08E006B3493 /* Assets.xcassets */; };
		BCCA1C6E2872C08E006B3493 /* LaunchScreen.storyboard in Resources */ = {isa = PBXBuildFile; fileRef = BCCA1C6C2872C08E006B3493 /* LaunchScreen.storyboard */; };
		BCCA1C792872C08E006B3493 /* SwiftConcurrencyTest_MVPTests.swift in Sources */ = {isa = PBXBuildFile; fileRef = BCCA1C782872C08E006B3493 /* SwiftConcurrencyTest_MVPTests.swift */; };
		BCCA1C832872C08E006B3493 /* SwiftConcurrencyTest_MVPUITests.swift in Sources */ = {isa = PBXBuildFile; fileRef = BCCA1C822872C08E006B3493 /* SwiftConcurrencyTest_MVPUITests.swift */; };
		BCCA1C852872C08E006B3493 /* SwiftConcurrencyTest_MVPUITestsLaunchTests.swift in Sources */ = {isa = PBXBuildFile; fileRef = BCCA1C842872C08E006B3493 /* SwiftConcurrencyTest_MVPUITestsLaunchTests.swift */; };
/* End PBXBuildFile section */

/* Begin PBXContainerItemProxy section */
		BCCA1C752872C08E006B3493 /* PBXContainerItemProxy */ = {
			isa = PBXContainerItemProxy;
			containerPortal = BCCA1C562872C08D006B3493 /* Project object */;
			proxyType = 1;
			remoteGlobalIDString = BCCA1C5D2872C08D006B3493;
			remoteInfo = "SwiftConcurrencyTest-MVP";
		};
		BCCA1C7F2872C08E006B3493 /* PBXContainerItemProxy */ = {
			isa = PBXContainerItemProxy;
			containerPortal = BCCA1C562872C08D006B3493 /* Project object */;
			proxyType = 1;
			remoteGlobalIDString = BCCA1C5D2872C08D006B3493;
			remoteInfo = "SwiftConcurrencyTest-MVP";
		};
/* End PBXContainerItemProxy section */

/* Begin PBXFileReference section */
		BC1C2D8A287FFE21001CBFB5 /* LgtmUserIconCell.swift */ = {isa = PBXFileReference; lastKnownFileType = sourcecode.swift; path = LgtmUserIconCell.swift; sourceTree = "<group>"; };
		BC1C2D8B287FFE21001CBFB5 /* LgtmUserIconCell.xib */ = {isa = PBXFileReference; lastKnownFileType = file.xib; path = LgtmUserIconCell.xib; sourceTree = "<group>"; };
		BC1C2D8F28801D70001CBFB5 /* ArticleListUtil.swift */ = {isa = PBXFileReference; lastKnownFileType = sourcecode.swift; path = ArticleListUtil.swift; sourceTree = "<group>"; };
		BC1C2D9228802181001CBFB5 /* LgtmUsersModel.swift */ = {isa = PBXFileReference; lastKnownFileType = sourcecode.swift; path = LgtmUsersModel.swift; sourceTree = "<group>"; };
		BC1C2D9428802A10001CBFB5 /* LgtmCountCell.swift */ = {isa = PBXFileReference; lastKnownFileType = sourcecode.swift; path = LgtmCountCell.swift; sourceTree = "<group>"; };
		BC1C2D9528802A10001CBFB5 /* LgtmCountCell.xib */ = {isa = PBXFileReference; lastKnownFileType = file.xib; path = LgtmCountCell.xib; sourceTree = "<group>"; };
		BC1C2D9928803562001CBFB5 /* FavoriteArticleListViewController.swift */ = {isa = PBXFileReference; lastKnownFileType = sourcecode.swift; path = FavoriteArticleListViewController.swift; sourceTree = "<group>"; };
		BC1C2D9B28803572001CBFB5 /* FavoriteArticleListViewController.storyboard */ = {isa = PBXFileReference; lastKnownFileType = file.storyboard; path = FavoriteArticleListViewController.storyboard; sourceTree = "<group>"; };
		BC1C2D9D28803C97001CBFB5 /* FavoriteArticleListPresenter.swift */ = {isa = PBXFileReference; lastKnownFileType = sourcecode.swift; path = FavoriteArticleListPresenter.swift; sourceTree = "<group>"; };
		BC6CFCC128783F9A00441CA8 /* CustomError.swift */ = {isa = PBXFileReference; lastKnownFileType = sourcecode.swift; path = CustomError.swift; sourceTree = "<group>"; };
		BC6CFCC328784EDC00441CA8 /* ArticleListViewController.swift */ = {isa = PBXFileReference; lastKnownFileType = sourcecode.swift; path = ArticleListViewController.swift; sourceTree = "<group>"; };
		BC6CFCC528784EFF00441CA8 /* ArticleListViewController.storyboard */ = {isa = PBXFileReference; lastKnownFileType = file.storyboard; path = ArticleListViewController.storyboard; sourceTree = "<group>"; };
		BC6CFCC728784FF600441CA8 /* MainTabBarController.swift */ = {isa = PBXFileReference; lastKnownFileType = sourcecode.swift; path = MainTabBarController.swift; sourceTree = "<group>"; };
		BC765EE3287D838F0025A3B3 /* Extension+Storyboard.swift */ = {isa = PBXFileReference; fileEncoding = 4; lastKnownFileType = sourcecode.swift; path = "Extension+Storyboard.swift"; sourceTree = "<group>"; };
		BC765EE5287D8DF50025A3B3 /* UIViewController+Extension.swift */ = {isa = PBXFileReference; fileEncoding = 4; lastKnownFileType = sourcecode.swift; path = "UIViewController+Extension.swift"; sourceTree = "<group>"; };
		BC765EE8287D8F860025A3B3 /* ArticleDetailViewController.swift */ = {isa = PBXFileReference; lastKnownFileType = sourcecode.swift; path = ArticleDetailViewController.swift; sourceTree = "<group>"; };
		BC765EEA287D8F8D0025A3B3 /* ArticleDetailViewController.storyboard */ = {isa = PBXFileReference; lastKnownFileType = file.storyboard; path = ArticleDetailViewController.storyboard; sourceTree = "<group>"; };
		BC765EED287D928E0025A3B3 /* ArticleDetailPresenter.swift */ = {isa = PBXFileReference; lastKnownFileType = sourcecode.swift; path = ArticleDetailPresenter.swift; sourceTree = "<group>"; };
		BC7CE3882872D1E4004D9DD8 /* Articles.swift */ = {isa = PBXFileReference; lastKnownFileType = sourcecode.swift; path = Articles.swift; sourceTree = "<group>"; };
		BC7CE38A2872D2D7004D9DD8 /* QiitaAPI.swift */ = {isa = PBXFileReference; fileEncoding = 4; lastKnownFileType = sourcecode.swift; path = QiitaAPI.swift; sourceTree = "<group>"; };
		BC7CE38D2872D31F004D9DD8 /* Const.swift */ = {isa = PBXFileReference; fileEncoding = 4; lastKnownFileType = sourcecode.swift; path = Const.swift; sourceTree = "<group>"; };
		BC7CE38E2872D31F004D9DD8 /* APIConst.swift */ = {isa = PBXFileReference; fileEncoding = 4; lastKnownFileType = sourcecode.swift; path = APIConst.swift; sourceTree = "<group>"; };
		BC7CE3972872D854004D9DD8 /* Store.swift */ = {isa = PBXFileReference; fileEncoding = 4; lastKnownFileType = sourcecode.swift; path = Store.swift; sourceTree = "<group>"; };
		BC7CE39D2872DDBA004D9DD8 /* Repository.swift */ = {isa = PBXFileReference; lastKnownFileType = sourcecode.swift; path = Repository.swift; sourceTree = "<group>"; };
		BC7CE39F2872E554004D9DD8 /* ArticleCell.swift */ = {isa = PBXFileReference; lastKnownFileType = sourcecode.swift; path = ArticleCell.swift; sourceTree = "<group>"; };
		BC7CE3A02872E554004D9DD8 /* ArticleCell.xib */ = {isa = PBXFileReference; lastKnownFileType = file.xib; path = ArticleCell.xib; sourceTree = "<group>"; };
		BC7CE3A32872F1C2004D9DD8 /* ArticleListPresenter.swift */ = {isa = PBXFileReference; lastKnownFileType = sourcecode.swift; path = ArticleListPresenter.swift; sourceTree = "<group>"; };
		BCCA1C5E2872C08D006B3493 /* SwiftConcurrencyTest-MVP.app */ = {isa = PBXFileReference; explicitFileType = wrapper.application; includeInIndex = 0; path = "SwiftConcurrencyTest-MVP.app"; sourceTree = BUILT_PRODUCTS_DIR; };
		BCCA1C612872C08D006B3493 /* AppDelegate.swift */ = {isa = PBXFileReference; lastKnownFileType = sourcecode.swift; path = AppDelegate.swift; sourceTree = "<group>"; };
		BCCA1C632872C08D006B3493 /* SceneDelegate.swift */ = {isa = PBXFileReference; lastKnownFileType = sourcecode.swift; path = SceneDelegate.swift; sourceTree = "<group>"; };
		BCCA1C682872C08D006B3493 /* Base */ = {isa = PBXFileReference; lastKnownFileType = file.storyboard; name = Base; path = Base.lproj/Main.storyboard; sourceTree = "<group>"; };
		BCCA1C6A2872C08E006B3493 /* Assets.xcassets */ = {isa = PBXFileReference; lastKnownFileType = folder.assetcatalog; path = Assets.xcassets; sourceTree = "<group>"; };
		BCCA1C6D2872C08E006B3493 /* Base */ = {isa = PBXFileReference; lastKnownFileType = file.storyboard; name = Base; path = Base.lproj/LaunchScreen.storyboard; sourceTree = "<group>"; };
		BCCA1C6F2872C08E006B3493 /* Info.plist */ = {isa = PBXFileReference; lastKnownFileType = text.plist.xml; path = Info.plist; sourceTree = "<group>"; };
		BCCA1C742872C08E006B3493 /* SwiftConcurrencyTest-MVPTests.xctest */ = {isa = PBXFileReference; explicitFileType = wrapper.cfbundle; includeInIndex = 0; path = "SwiftConcurrencyTest-MVPTests.xctest"; sourceTree = BUILT_PRODUCTS_DIR; };
		BCCA1C782872C08E006B3493 /* SwiftConcurrencyTest_MVPTests.swift */ = {isa = PBXFileReference; lastKnownFileType = sourcecode.swift; path = SwiftConcurrencyTest_MVPTests.swift; sourceTree = "<group>"; };
		BCCA1C7E2872C08E006B3493 /* SwiftConcurrencyTest-MVPUITests.xctest */ = {isa = PBXFileReference; explicitFileType = wrapper.cfbundle; includeInIndex = 0; path = "SwiftConcurrencyTest-MVPUITests.xctest"; sourceTree = BUILT_PRODUCTS_DIR; };
		BCCA1C822872C08E006B3493 /* SwiftConcurrencyTest_MVPUITests.swift */ = {isa = PBXFileReference; lastKnownFileType = sourcecode.swift; path = SwiftConcurrencyTest_MVPUITests.swift; sourceTree = "<group>"; };
		BCCA1C842872C08E006B3493 /* SwiftConcurrencyTest_MVPUITestsLaunchTests.swift */ = {isa = PBXFileReference; lastKnownFileType = sourcecode.swift; path = SwiftConcurrencyTest_MVPUITestsLaunchTests.swift; sourceTree = "<group>"; };
/* End PBXFileReference section */

/* Begin PBXFrameworksBuildPhase section */
		BCCA1C5B2872C08D006B3493 /* Frameworks */ = {
			isa = PBXFrameworksBuildPhase;
			buildActionMask = 2147483647;
			files = (
				BC56AF1B287D99900037AA07 /* Alamofire in Frameworks */,
				BC56AF21287D99FB0037AA07 /* SkeletonView in Frameworks */,
				BC7CE36D2872C6EC004D9DD8 /* PKHUD in Frameworks */,
				BC7CE3692872C6BC004D9DD8 /* Kingfisher in Frameworks */,
				BC7CE3722872C706004D9DD8 /* InstantiateStandard in Frameworks */,
				BC56AF1E287D99C20037AA07 /* CombineCocoa in Frameworks */,
				BC7CE3702872C706004D9DD8 /* Instantiate in Frameworks */,
			);
			runOnlyForDeploymentPostprocessing = 0;
		};
		BCCA1C712872C08E006B3493 /* Frameworks */ = {
			isa = PBXFrameworksBuildPhase;
			buildActionMask = 2147483647;
			files = (
			);
			runOnlyForDeploymentPostprocessing = 0;
		};
		BCCA1C7B2872C08E006B3493 /* Frameworks */ = {
			isa = PBXFrameworksBuildPhase;
			buildActionMask = 2147483647;
			files = (
			);
			runOnlyForDeploymentPostprocessing = 0;
		};
/* End PBXFrameworksBuildPhase section */

/* Begin PBXGroup section */
		BC1C2D8E28801D4F001CBFB5 /* Utility */ = {
			isa = PBXGroup;
			children = (
				BC1C2D8F28801D70001CBFB5 /* ArticleListUtil.swift */,
			);
			path = Utility;
			sourceTree = "<group>";
		};
		BC1C2D9128802155001CBFB5 /* Model */ = {
			isa = PBXGroup;
			children = (
				BC1C2D9228802181001CBFB5 /* LgtmUsersModel.swift */,
			);
			path = Model;
			sourceTree = "<group>";
		};
		BC1C2D982880353D001CBFB5 /* FavoriteArticleList */ = {
			isa = PBXGroup;
			children = (
				BC1C2D9928803562001CBFB5 /* FavoriteArticleListViewController.swift */,
				BC1C2D9B28803572001CBFB5 /* FavoriteArticleListViewController.storyboard */,
			);
			path = FavoriteArticleList;
			sourceTree = "<group>";
		};
		BC6CFCC028783F8500441CA8 /* CustomClass */ = {
			isa = PBXGroup;
			children = (
				BC6CFCC128783F9A00441CA8 /* CustomError.swift */,
			);
			path = CustomClass;
			sourceTree = "<group>";
		};
		BC6CFCCB2878585400441CA8 /* ArticleList */ = {
			isa = PBXGroup;
			children = (
				BC6CFCC328784EDC00441CA8 /* ArticleListViewController.swift */,
				BC6CFCC528784EFF00441CA8 /* ArticleListViewController.storyboard */,
				BC7CE39F2872E554004D9DD8 /* ArticleCell.swift */,
				BC7CE3A02872E554004D9DD8 /* ArticleCell.xib */,
				BC1C2D8A287FFE21001CBFB5 /* LgtmUserIconCell.swift */,
				BC1C2D8B287FFE21001CBFB5 /* LgtmUserIconCell.xib */,
				BC1C2D9428802A10001CBFB5 /* LgtmCountCell.swift */,
				BC1C2D9528802A10001CBFB5 /* LgtmCountCell.xib */,
			);
			path = ArticleList;
			sourceTree = "<group>";
		};
		BC765EE7287D8F610025A3B3 /* ArticleDetail */ = {
			isa = PBXGroup;
			children = (
				BC765EE8287D8F860025A3B3 /* ArticleDetailViewController.swift */,
				BC765EEA287D8F8D0025A3B3 /* ArticleDetailViewController.storyboard */,
			);
			path = ArticleDetail;
			sourceTree = "<group>";
		};
		BC7CE3832872D0ED004D9DD8 /* Entity */ = {
			isa = PBXGroup;
			children = (
				BC7CE3882872D1E4004D9DD8 /* Articles.swift */,
			);
			path = Entity;
			sourceTree = "<group>";
		};
		BC7CE3842872D0F6004D9DD8 /* API */ = {
			isa = PBXGroup;
			children = (
				BC7CE38A2872D2D7004D9DD8 /* QiitaAPI.swift */,
			);
			path = API;
			sourceTree = "<group>";
		};
		BC7CE3852872D10B004D9DD8 /* Presenter */ = {
			isa = PBXGroup;
			children = (
				BC7CE3A32872F1C2004D9DD8 /* ArticleListPresenter.swift */,
				BC765EED287D928E0025A3B3 /* ArticleDetailPresenter.swift */,
				BC1C2D9D28803C97001CBFB5 /* FavoriteArticleListPresenter.swift */,
			);
			path = Presenter;
			sourceTree = "<group>";
		};
		BC7CE3862872D1B9004D9DD8 /* View */ = {
			isa = PBXGroup;
			children = (
				BC6CFCC728784FF600441CA8 /* MainTabBarController.swift */,
				BCCA1C672872C08D006B3493 /* Main.storyboard */,
				BC6CFCCB2878585400441CA8 /* ArticleList */,
				BC765EE7287D8F610025A3B3 /* ArticleDetail */,
				BC1C2D982880353D001CBFB5 /* FavoriteArticleList */,
			);
			path = View;
			sourceTree = "<group>";
		};
		BC7CE38C2872D31F004D9DD8 /* Const */ = {
			isa = PBXGroup;
			children = (
				BC7CE38D2872D31F004D9DD8 /* Const.swift */,
				BC7CE38E2872D31F004D9DD8 /* APIConst.swift */,
			);
			path = Const;
			sourceTree = "<group>";
		};
		BC7CE38F2872D31F004D9DD8 /* Extension */ = {
			isa = PBXGroup;
			children = (
				BC765EE3287D838F0025A3B3 /* Extension+Storyboard.swift */,
				BC765EE5287D8DF50025A3B3 /* UIViewController+Extension.swift */,
			);
			path = Extension;
			sourceTree = "<group>";
		};
		BC7CE3962872D854004D9DD8 /* Store */ = {
			isa = PBXGroup;
			children = (
				BC7CE3972872D854004D9DD8 /* Store.swift */,
			);
			path = Store;
			sourceTree = "<group>";
		};
		BC7CE39C2872DDAD004D9DD8 /* Repository */ = {
			isa = PBXGroup;
			children = (
				BC7CE39D2872DDBA004D9DD8 /* Repository.swift */,
			);
			path = Repository;
			sourceTree = "<group>";
		};
		BCCA1C552872C08D006B3493 = {
			isa = PBXGroup;
			children = (
				BCCA1C602872C08D006B3493 /* SwiftConcurrencyTest-MVP */,
				BCCA1C772872C08E006B3493 /* SwiftConcurrencyTest-MVPTests */,
				BCCA1C812872C08E006B3493 /* SwiftConcurrencyTest-MVPUITests */,
				BCCA1C5F2872C08D006B3493 /* Products */,
			);
			sourceTree = "<group>";
		};
		BCCA1C5F2872C08D006B3493 /* Products */ = {
			isa = PBXGroup;
			children = (
				BCCA1C5E2872C08D006B3493 /* SwiftConcurrencyTest-MVP.app */,
				BCCA1C742872C08E006B3493 /* SwiftConcurrencyTest-MVPTests.xctest */,
				BCCA1C7E2872C08E006B3493 /* SwiftConcurrencyTest-MVPUITests.xctest */,
			);
			name = Products;
			sourceTree = "<group>";
		};
		BCCA1C602872C08D006B3493 /* SwiftConcurrencyTest-MVP */ = {
			isa = PBXGroup;
			children = (
				BCCA1C612872C08D006B3493 /* AppDelegate.swift */,
				BCCA1C632872C08D006B3493 /* SceneDelegate.swift */,
				BC7CE38F2872D31F004D9DD8 /* Extension */,
				BC6CFCC028783F8500441CA8 /* CustomClass */,
				BC7CE3842872D0F6004D9DD8 /* API */,
				BC7CE38C2872D31F004D9DD8 /* Const */,
				BC7CE3832872D0ED004D9DD8 /* Entity */,
				BC7CE39C2872DDAD004D9DD8 /* Repository */,
				BC7CE3962872D854004D9DD8 /* Store */,
				BC1C2D8E28801D4F001CBFB5 /* Utility */,
				BC1C2D9128802155001CBFB5 /* Model */,
				BC7CE3852872D10B004D9DD8 /* Presenter */,
				BC7CE3862872D1B9004D9DD8 /* View */,
				BCCA1C6A2872C08E006B3493 /* Assets.xcassets */,
				BCCA1C6C2872C08E006B3493 /* LaunchScreen.storyboard */,
				BCCA1C6F2872C08E006B3493 /* Info.plist */,
			);
			path = "SwiftConcurrencyTest-MVP";
			sourceTree = "<group>";
		};
		BCCA1C772872C08E006B3493 /* SwiftConcurrencyTest-MVPTests */ = {
			isa = PBXGroup;
			children = (
				BCCA1C782872C08E006B3493 /* SwiftConcurrencyTest_MVPTests.swift */,
			);
			path = "SwiftConcurrencyTest-MVPTests";
			sourceTree = "<group>";
		};
		BCCA1C812872C08E006B3493 /* SwiftConcurrencyTest-MVPUITests */ = {
			isa = PBXGroup;
			children = (
				BCCA1C822872C08E006B3493 /* SwiftConcurrencyTest_MVPUITests.swift */,
				BCCA1C842872C08E006B3493 /* SwiftConcurrencyTest_MVPUITestsLaunchTests.swift */,
			);
			path = "SwiftConcurrencyTest-MVPUITests";
			sourceTree = "<group>";
		};
/* End PBXGroup section */

/* Begin PBXNativeTarget section */
		BCCA1C5D2872C08D006B3493 /* SwiftConcurrencyTest-MVP */ = {
			isa = PBXNativeTarget;
			buildConfigurationList = BCCA1C882872C08E006B3493 /* Build configuration list for PBXNativeTarget "SwiftConcurrencyTest-MVP" */;
			buildPhases = (
				BCCA1C5A2872C08D006B3493 /* Sources */,
				BCCA1C5B2872C08D006B3493 /* Frameworks */,
				BCCA1C5C2872C08D006B3493 /* Resources */,
			);
			buildRules = (
			);
			dependencies = (
			);
			name = "SwiftConcurrencyTest-MVP";
			packageProductDependencies = (
				BC7CE3682872C6BC004D9DD8 /* Kingfisher */,
				BC7CE36C2872C6EC004D9DD8 /* PKHUD */,
				BC7CE36F2872C706004D9DD8 /* Instantiate */,
				BC7CE3712872C706004D9DD8 /* InstantiateStandard */,
				BC56AF1A287D99900037AA07 /* Alamofire */,
				BC56AF1D287D99C20037AA07 /* CombineCocoa */,
				BC56AF20287D99FB0037AA07 /* SkeletonView */,
			);
			productName = "SwiftConcurrencyTest-MVP";
			productReference = BCCA1C5E2872C08D006B3493 /* SwiftConcurrencyTest-MVP.app */;
			productType = "com.apple.product-type.application";
		};
		BCCA1C732872C08E006B3493 /* SwiftConcurrencyTest-MVPTests */ = {
			isa = PBXNativeTarget;
			buildConfigurationList = BCCA1C8B2872C08E006B3493 /* Build configuration list for PBXNativeTarget "SwiftConcurrencyTest-MVPTests" */;
			buildPhases = (
				BCCA1C702872C08E006B3493 /* Sources */,
				BCCA1C712872C08E006B3493 /* Frameworks */,
				BCCA1C722872C08E006B3493 /* Resources */,
			);
			buildRules = (
			);
			dependencies = (
				BCCA1C762872C08E006B3493 /* PBXTargetDependency */,
			);
			name = "SwiftConcurrencyTest-MVPTests";
			productName = "SwiftConcurrencyTest-MVPTests";
			productReference = BCCA1C742872C08E006B3493 /* SwiftConcurrencyTest-MVPTests.xctest */;
			productType = "com.apple.product-type.bundle.unit-test";
		};
		BCCA1C7D2872C08E006B3493 /* SwiftConcurrencyTest-MVPUITests */ = {
			isa = PBXNativeTarget;
			buildConfigurationList = BCCA1C8E2872C08E006B3493 /* Build configuration list for PBXNativeTarget "SwiftConcurrencyTest-MVPUITests" */;
			buildPhases = (
				BCCA1C7A2872C08E006B3493 /* Sources */,
				BCCA1C7B2872C08E006B3493 /* Frameworks */,
				BCCA1C7C2872C08E006B3493 /* Resources */,
			);
			buildRules = (
			);
			dependencies = (
				BCCA1C802872C08E006B3493 /* PBXTargetDependency */,
			);
			name = "SwiftConcurrencyTest-MVPUITests";
			productName = "SwiftConcurrencyTest-MVPUITests";
			productReference = BCCA1C7E2872C08E006B3493 /* SwiftConcurrencyTest-MVPUITests.xctest */;
			productType = "com.apple.product-type.bundle.ui-testing";
		};
/* End PBXNativeTarget section */

/* Begin PBXProject section */
		BCCA1C562872C08D006B3493 /* Project object */ = {
			isa = PBXProject;
			attributes = {
				BuildIndependentTargetsInParallel = 1;
				LastSwiftUpdateCheck = 1340;
				LastUpgradeCheck = 1340;
				TargetAttributes = {
					BCCA1C5D2872C08D006B3493 = {
						CreatedOnToolsVersion = 13.4;
					};
					BCCA1C732872C08E006B3493 = {
						CreatedOnToolsVersion = 13.4;
						TestTargetID = BCCA1C5D2872C08D006B3493;
					};
					BCCA1C7D2872C08E006B3493 = {
						CreatedOnToolsVersion = 13.4;
						TestTargetID = BCCA1C5D2872C08D006B3493;
					};
				};
			};
			buildConfigurationList = BCCA1C592872C08D006B3493 /* Build configuration list for PBXProject "SwiftConcurrencyTest-MVP" */;
			compatibilityVersion = "Xcode 13.0";
			developmentRegion = en;
			hasScannedForEncodings = 0;
			knownRegions = (
				en,
				Base,
			);
			mainGroup = BCCA1C552872C08D006B3493;
			packageReferences = (
				BC7CE3672872C6BC004D9DD8 /* XCRemoteSwiftPackageReference "Kingfisher" */,
				BC7CE36A2872C6CF004D9DD8 /* XCRemoteSwiftPackageReference "Instantiate" */,
				BC7CE36B2872C6EC004D9DD8 /* XCRemoteSwiftPackageReference "PKHUD" */,
				BC7CE36E2872C706004D9DD8 /* XCRemoteSwiftPackageReference "Instantiate" */,
				BC56AF19287D99900037AA07 /* XCRemoteSwiftPackageReference "Alamofire" */,
				BC56AF1C287D99C20037AA07 /* XCRemoteSwiftPackageReference "CombineCocoa" */,
				BC56AF1F287D99FB0037AA07 /* XCRemoteSwiftPackageReference "SkeletonView" */,
			);
			productRefGroup = BCCA1C5F2872C08D006B3493 /* Products */;
			projectDirPath = "";
			projectRoot = "";
			targets = (
				BCCA1C5D2872C08D006B3493 /* SwiftConcurrencyTest-MVP */,
				BCCA1C732872C08E006B3493 /* SwiftConcurrencyTest-MVPTests */,
				BCCA1C7D2872C08E006B3493 /* SwiftConcurrencyTest-MVPUITests */,
			);
		};
/* End PBXProject section */

/* Begin PBXResourcesBuildPhase section */
		BCCA1C5C2872C08D006B3493 /* Resources */ = {
			isa = PBXResourcesBuildPhase;
			buildActionMask = 2147483647;
			files = (
				BC6CFCC628784EFF00441CA8 /* ArticleListViewController.storyboard in Resources */,
				BC1C2D9C28803572001CBFB5 /* FavoriteArticleListViewController.storyboard in Resources */,
				BC7CE3A22872E554004D9DD8 /* ArticleCell.xib in Resources */,
				BCCA1C6E2872C08E006B3493 /* LaunchScreen.storyboard in Resources */,
				BC1C2D8D287FFE21001CBFB5 /* LgtmUserIconCell.xib in Resources */,
				BC765EEB287D8F8E0025A3B3 /* ArticleDetailViewController.storyboard in Resources */,
				BCCA1C6B2872C08E006B3493 /* Assets.xcassets in Resources */,
				BCCA1C692872C08D006B3493 /* Main.storyboard in Resources */,
				BC1C2D9728802A10001CBFB5 /* LgtmCountCell.xib in Resources */,
			);
			runOnlyForDeploymentPostprocessing = 0;
		};
		BCCA1C722872C08E006B3493 /* Resources */ = {
			isa = PBXResourcesBuildPhase;
			buildActionMask = 2147483647;
			files = (
			);
			runOnlyForDeploymentPostprocessing = 0;
		};
		BCCA1C7C2872C08E006B3493 /* Resources */ = {
			isa = PBXResourcesBuildPhase;
			buildActionMask = 2147483647;
			files = (
			);
			runOnlyForDeploymentPostprocessing = 0;
		};
/* End PBXResourcesBuildPhase section */

/* Begin PBXSourcesBuildPhase section */
		BCCA1C5A2872C08D006B3493 /* Sources */ = {
			isa = PBXSourcesBuildPhase;
			buildActionMask = 2147483647;
			files = (
				BC7CE3892872D1E4004D9DD8 /* Articles.swift in Sources */,
				BC6CFCC828784FF600441CA8 /* MainTabBarController.swift in Sources */,
				BC6CFCC228783F9A00441CA8 /* CustomError.swift in Sources */,
				BC765EE6287D8DF50025A3B3 /* UIViewController+Extension.swift in Sources */,
				BCCA1C622872C08D006B3493 /* AppDelegate.swift in Sources */,
				BC7CE3922872D31F004D9DD8 /* APIConst.swift in Sources */,
				BC1C2D9328802181001CBFB5 /* LgtmUsersModel.swift in Sources */,
				BC765EE9287D8F860025A3B3 /* ArticleDetailViewController.swift in Sources */,
				BCCA1C642872C08D006B3493 /* SceneDelegate.swift in Sources */,
				BC7CE3A42872F1C2004D9DD8 /* ArticleListPresenter.swift in Sources */,
				BC7CE38B2872D2D7004D9DD8 /* QiitaAPI.swift in Sources */,
				BC765EE4287D838F0025A3B3 /* Extension+Storyboard.swift in Sources */,
				BC1C2D9628802A10001CBFB5 /* LgtmCountCell.swift in Sources */,
				BC7CE39E2872DDBA004D9DD8 /* Repository.swift in Sources */,
				BC1C2D8C287FFE21001CBFB5 /* LgtmUserIconCell.swift in Sources */,
				BC1C2D9028801D70001CBFB5 /* ArticleListUtil.swift in Sources */,
				BC7CE3992872D854004D9DD8 /* Store.swift in Sources */,
				BC1C2D9E28803C97001CBFB5 /* FavoriteArticleListPresenter.swift in Sources */,
				BC7CE3912872D31F004D9DD8 /* Const.swift in Sources */,
				BC7CE3A12872E554004D9DD8 /* ArticleCell.swift in Sources */,
				BC765EEE287D928E0025A3B3 /* ArticleDetailPresenter.swift in Sources */,
				BC6CFCC428784EDC00441CA8 /* ArticleListViewController.swift in Sources */,
				BC1C2D9A28803562001CBFB5 /* FavoriteArticleListViewController.swift in Sources */,
			);
			runOnlyForDeploymentPostprocessing = 0;
		};
		BCCA1C702872C08E006B3493 /* Sources */ = {
			isa = PBXSourcesBuildPhase;
			buildActionMask = 2147483647;
			files = (
				BCCA1C792872C08E006B3493 /* SwiftConcurrencyTest_MVPTests.swift in Sources */,
			);
			runOnlyForDeploymentPostprocessing = 0;
		};
		BCCA1C7A2872C08E006B3493 /* Sources */ = {
			isa = PBXSourcesBuildPhase;
			buildActionMask = 2147483647;
			files = (
				BCCA1C852872C08E006B3493 /* SwiftConcurrencyTest_MVPUITestsLaunchTests.swift in Sources */,
				BCCA1C832872C08E006B3493 /* SwiftConcurrencyTest_MVPUITests.swift in Sources */,
			);
			runOnlyForDeploymentPostprocessing = 0;
		};
/* End PBXSourcesBuildPhase section */

/* Begin PBXTargetDependency section */
		BCCA1C762872C08E006B3493 /* PBXTargetDependency */ = {
			isa = PBXTargetDependency;
			target = BCCA1C5D2872C08D006B3493 /* SwiftConcurrencyTest-MVP */;
			targetProxy = BCCA1C752872C08E006B3493 /* PBXContainerItemProxy */;
		};
		BCCA1C802872C08E006B3493 /* PBXTargetDependency */ = {
			isa = PBXTargetDependency;
			target = BCCA1C5D2872C08D006B3493 /* SwiftConcurrencyTest-MVP */;
			targetProxy = BCCA1C7F2872C08E006B3493 /* PBXContainerItemProxy */;
		};
/* End PBXTargetDependency section */

/* Begin PBXVariantGroup section */
		BCCA1C672872C08D006B3493 /* Main.storyboard */ = {
			isa = PBXVariantGroup;
			children = (
				BCCA1C682872C08D006B3493 /* Base */,
			);
			name = Main.storyboard;
			sourceTree = "<group>";
		};
		BCCA1C6C2872C08E006B3493 /* LaunchScreen.storyboard */ = {
			isa = PBXVariantGroup;
			children = (
				BCCA1C6D2872C08E006B3493 /* Base */,
			);
			name = LaunchScreen.storyboard;
			sourceTree = "<group>";
		};
/* End PBXVariantGroup section */

/* Begin XCBuildConfiguration section */
		BCCA1C862872C08E006B3493 /* Debug */ = {
			isa = XCBuildConfiguration;
			buildSettings = {
				ALWAYS_SEARCH_USER_PATHS = NO;
				CLANG_ANALYZER_NONNULL = YES;
				CLANG_ANALYZER_NUMBER_OBJECT_CONVERSION = YES_AGGRESSIVE;
				CLANG_CXX_LANGUAGE_STANDARD = "gnu++17";
				CLANG_ENABLE_MODULES = YES;
				CLANG_ENABLE_OBJC_ARC = YES;
				CLANG_ENABLE_OBJC_WEAK = YES;
				CLANG_WARN_BLOCK_CAPTURE_AUTORELEASING = YES;
				CLANG_WARN_BOOL_CONVERSION = YES;
				CLANG_WARN_COMMA = YES;
				CLANG_WARN_CONSTANT_CONVERSION = YES;
				CLANG_WARN_DEPRECATED_OBJC_IMPLEMENTATIONS = YES;
				CLANG_WARN_DIRECT_OBJC_ISA_USAGE = YES_ERROR;
				CLANG_WARN_DOCUMENTATION_COMMENTS = YES;
				CLANG_WARN_EMPTY_BODY = YES;
				CLANG_WARN_ENUM_CONVERSION = YES;
				CLANG_WARN_INFINITE_RECURSION = YES;
				CLANG_WARN_INT_CONVERSION = YES;
				CLANG_WARN_NON_LITERAL_NULL_CONVERSION = YES;
				CLANG_WARN_OBJC_IMPLICIT_RETAIN_SELF = YES;
				CLANG_WARN_OBJC_LITERAL_CONVERSION = YES;
				CLANG_WARN_OBJC_ROOT_CLASS = YES_ERROR;
				CLANG_WARN_QUOTED_INCLUDE_IN_FRAMEWORK_HEADER = YES;
				CLANG_WARN_RANGE_LOOP_ANALYSIS = YES;
				CLANG_WARN_STRICT_PROTOTYPES = YES;
				CLANG_WARN_SUSPICIOUS_MOVE = YES;
				CLANG_WARN_UNGUARDED_AVAILABILITY = YES_AGGRESSIVE;
				CLANG_WARN_UNREACHABLE_CODE = YES;
				CLANG_WARN__DUPLICATE_METHOD_MATCH = YES;
				COPY_PHASE_STRIP = NO;
				DEBUG_INFORMATION_FORMAT = dwarf;
				ENABLE_STRICT_OBJC_MSGSEND = YES;
				ENABLE_TESTABILITY = YES;
				GCC_C_LANGUAGE_STANDARD = gnu11;
				GCC_DYNAMIC_NO_PIC = NO;
				GCC_NO_COMMON_BLOCKS = YES;
				GCC_OPTIMIZATION_LEVEL = 0;
				GCC_PREPROCESSOR_DEFINITIONS = (
					"DEBUG=1",
					"$(inherited)",
				);
				GCC_WARN_64_TO_32_BIT_CONVERSION = YES;
				GCC_WARN_ABOUT_RETURN_TYPE = YES_ERROR;
				GCC_WARN_UNDECLARED_SELECTOR = YES;
				GCC_WARN_UNINITIALIZED_AUTOS = YES_AGGRESSIVE;
				GCC_WARN_UNUSED_FUNCTION = YES;
				GCC_WARN_UNUSED_VARIABLE = YES;
				IPHONEOS_DEPLOYMENT_TARGET = 15.5;
				MTL_ENABLE_DEBUG_INFO = INCLUDE_SOURCE;
				MTL_FAST_MATH = YES;
				ONLY_ACTIVE_ARCH = YES;
				SDKROOT = iphoneos;
				SWIFT_ACTIVE_COMPILATION_CONDITIONS = DEBUG;
				SWIFT_OPTIMIZATION_LEVEL = "-Onone";
			};
			name = Debug;
		};
		BCCA1C872872C08E006B3493 /* Release */ = {
			isa = XCBuildConfiguration;
			buildSettings = {
				ALWAYS_SEARCH_USER_PATHS = NO;
				CLANG_ANALYZER_NONNULL = YES;
				CLANG_ANALYZER_NUMBER_OBJECT_CONVERSION = YES_AGGRESSIVE;
				CLANG_CXX_LANGUAGE_STANDARD = "gnu++17";
				CLANG_ENABLE_MODULES = YES;
				CLANG_ENABLE_OBJC_ARC = YES;
				CLANG_ENABLE_OBJC_WEAK = YES;
				CLANG_WARN_BLOCK_CAPTURE_AUTORELEASING = YES;
				CLANG_WARN_BOOL_CONVERSION = YES;
				CLANG_WARN_COMMA = YES;
				CLANG_WARN_CONSTANT_CONVERSION = YES;
				CLANG_WARN_DEPRECATED_OBJC_IMPLEMENTATIONS = YES;
				CLANG_WARN_DIRECT_OBJC_ISA_USAGE = YES_ERROR;
				CLANG_WARN_DOCUMENTATION_COMMENTS = YES;
				CLANG_WARN_EMPTY_BODY = YES;
				CLANG_WARN_ENUM_CONVERSION = YES;
				CLANG_WARN_INFINITE_RECURSION = YES;
				CLANG_WARN_INT_CONVERSION = YES;
				CLANG_WARN_NON_LITERAL_NULL_CONVERSION = YES;
				CLANG_WARN_OBJC_IMPLICIT_RETAIN_SELF = YES;
				CLANG_WARN_OBJC_LITERAL_CONVERSION = YES;
				CLANG_WARN_OBJC_ROOT_CLASS = YES_ERROR;
				CLANG_WARN_QUOTED_INCLUDE_IN_FRAMEWORK_HEADER = YES;
				CLANG_WARN_RANGE_LOOP_ANALYSIS = YES;
				CLANG_WARN_STRICT_PROTOTYPES = YES;
				CLANG_WARN_SUSPICIOUS_MOVE = YES;
				CLANG_WARN_UNGUARDED_AVAILABILITY = YES_AGGRESSIVE;
				CLANG_WARN_UNREACHABLE_CODE = YES;
				CLANG_WARN__DUPLICATE_METHOD_MATCH = YES;
				COPY_PHASE_STRIP = NO;
				DEBUG_INFORMATION_FORMAT = "dwarf-with-dsym";
				ENABLE_NS_ASSERTIONS = NO;
				ENABLE_STRICT_OBJC_MSGSEND = YES;
				GCC_C_LANGUAGE_STANDARD = gnu11;
				GCC_NO_COMMON_BLOCKS = YES;
				GCC_WARN_64_TO_32_BIT_CONVERSION = YES;
				GCC_WARN_ABOUT_RETURN_TYPE = YES_ERROR;
				GCC_WARN_UNDECLARED_SELECTOR = YES;
				GCC_WARN_UNINITIALIZED_AUTOS = YES_AGGRESSIVE;
				GCC_WARN_UNUSED_FUNCTION = YES;
				GCC_WARN_UNUSED_VARIABLE = YES;
				IPHONEOS_DEPLOYMENT_TARGET = 15.5;
				MTL_ENABLE_DEBUG_INFO = NO;
				MTL_FAST_MATH = YES;
				SDKROOT = iphoneos;
				SWIFT_COMPILATION_MODE = wholemodule;
				SWIFT_OPTIMIZATION_LEVEL = "-O";
				VALIDATE_PRODUCT = YES;
			};
			name = Release;
		};
		BCCA1C892872C08E006B3493 /* Debug */ = {
			isa = XCBuildConfiguration;
			buildSettings = {
				ASSETCATALOG_COMPILER_APPICON_NAME = AppIcon;
				ASSETCATALOG_COMPILER_GLOBAL_ACCENT_COLOR_NAME = AccentColor;
				CODE_SIGN_STYLE = Automatic;
				CURRENT_PROJECT_VERSION = 1;
				DEVELOPMENT_TEAM = RYD4R2QLW8;
				GENERATE_INFOPLIST_FILE = YES;
				INFOPLIST_FILE = "SwiftConcurrencyTest-MVP/Info.plist";
				INFOPLIST_KEY_UIApplicationSupportsIndirectInputEvents = YES;
				INFOPLIST_KEY_UILaunchStoryboardName = LaunchScreen;
				INFOPLIST_KEY_UIMainStoryboardFile = Main;
				INFOPLIST_KEY_UISupportedInterfaceOrientations_iPad = "UIInterfaceOrientationPortrait UIInterfaceOrientationPortraitUpsideDown UIInterfaceOrientationLandscapeLeft UIInterfaceOrientationLandscapeRight";
				INFOPLIST_KEY_UISupportedInterfaceOrientations_iPhone = "UIInterfaceOrientationPortrait UIInterfaceOrientationLandscapeLeft UIInterfaceOrientationLandscapeRight";
				LD_RUNPATH_SEARCH_PATHS = (
					"$(inherited)",
					"@executable_path/Frameworks",
				);
				MARKETING_VERSION = 1.0;
				PRODUCT_BUNDLE_IDENTIFIER = "com.SwiftConcurrencyTest-MVP.SwiftConcurrencyTest-MVP";
				PRODUCT_NAME = "$(TARGET_NAME)";
				SWIFT_EMIT_LOC_STRINGS = YES;
				SWIFT_VERSION = 5.0;
				TARGETED_DEVICE_FAMILY = "1,2";
			};
			name = Debug;
		};
		BCCA1C8A2872C08E006B3493 /* Release */ = {
			isa = XCBuildConfiguration;
			buildSettings = {
				ASSETCATALOG_COMPILER_APPICON_NAME = AppIcon;
				ASSETCATALOG_COMPILER_GLOBAL_ACCENT_COLOR_NAME = AccentColor;
				CODE_SIGN_STYLE = Automatic;
				CURRENT_PROJECT_VERSION = 1;
				DEVELOPMENT_TEAM = RYD4R2QLW8;
				GENERATE_INFOPLIST_FILE = YES;
				INFOPLIST_FILE = "SwiftConcurrencyTest-MVP/Info.plist";
				INFOPLIST_KEY_UIApplicationSupportsIndirectInputEvents = YES;
				INFOPLIST_KEY_UILaunchStoryboardName = LaunchScreen;
				INFOPLIST_KEY_UIMainStoryboardFile = Main;
				INFOPLIST_KEY_UISupportedInterfaceOrientations_iPad = "UIInterfaceOrientationPortrait UIInterfaceOrientationPortraitUpsideDown UIInterfaceOrientationLandscapeLeft UIInterfaceOrientationLandscapeRight";
				INFOPLIST_KEY_UISupportedInterfaceOrientations_iPhone = "UIInterfaceOrientationPortrait UIInterfaceOrientationLandscapeLeft UIInterfaceOrientationLandscapeRight";
				LD_RUNPATH_SEARCH_PATHS = (
					"$(inherited)",
					"@executable_path/Frameworks",
				);
				MARKETING_VERSION = 1.0;
				PRODUCT_BUNDLE_IDENTIFIER = "com.SwiftConcurrencyTest-MVP.SwiftConcurrencyTest-MVP";
				PRODUCT_NAME = "$(TARGET_NAME)";
				SWIFT_EMIT_LOC_STRINGS = YES;
				SWIFT_VERSION = 5.0;
				TARGETED_DEVICE_FAMILY = "1,2";
			};
			name = Release;
		};
		BCCA1C8C2872C08E006B3493 /* Debug */ = {
			isa = XCBuildConfiguration;
			buildSettings = {
				ALWAYS_EMBED_SWIFT_STANDARD_LIBRARIES = YES;
				BUNDLE_LOADER = "$(TEST_HOST)";
				CODE_SIGN_STYLE = Automatic;
				CURRENT_PROJECT_VERSION = 1;
				DEVELOPMENT_TEAM = RYD4R2QLW8;
				GENERATE_INFOPLIST_FILE = YES;
				IPHONEOS_DEPLOYMENT_TARGET = 15.5;
				MARKETING_VERSION = 1.0;
				PRODUCT_BUNDLE_IDENTIFIER = "com.SwiftConcurrencyTest-MVP.SwiftConcurrencyTest-MVPTests";
				PRODUCT_NAME = "$(TARGET_NAME)";
				SWIFT_EMIT_LOC_STRINGS = NO;
				SWIFT_VERSION = 5.0;
				TARGETED_DEVICE_FAMILY = "1,2";
				TEST_HOST = "$(BUILT_PRODUCTS_DIR)/SwiftConcurrencyTest-MVP.app/SwiftConcurrencyTest-MVP";
			};
			name = Debug;
		};
		BCCA1C8D2872C08E006B3493 /* Release */ = {
			isa = XCBuildConfiguration;
			buildSettings = {
				ALWAYS_EMBED_SWIFT_STANDARD_LIBRARIES = YES;
				BUNDLE_LOADER = "$(TEST_HOST)";
				CODE_SIGN_STYLE = Automatic;
				CURRENT_PROJECT_VERSION = 1;
				DEVELOPMENT_TEAM = RYD4R2QLW8;
				GENERATE_INFOPLIST_FILE = YES;
				IPHONEOS_DEPLOYMENT_TARGET = 15.5;
				MARKETING_VERSION = 1.0;
				PRODUCT_BUNDLE_IDENTIFIER = "com.SwiftConcurrencyTest-MVP.SwiftConcurrencyTest-MVPTests";
				PRODUCT_NAME = "$(TARGET_NAME)";
				SWIFT_EMIT_LOC_STRINGS = NO;
				SWIFT_VERSION = 5.0;
				TARGETED_DEVICE_FAMILY = "1,2";
				TEST_HOST = "$(BUILT_PRODUCTS_DIR)/SwiftConcurrencyTest-MVP.app/SwiftConcurrencyTest-MVP";
			};
			name = Release;
		};
		BCCA1C8F2872C08E006B3493 /* Debug */ = {
			isa = XCBuildConfiguration;
			buildSettings = {
				ALWAYS_EMBED_SWIFT_STANDARD_LIBRARIES = YES;
				CODE_SIGN_STYLE = Automatic;
				CURRENT_PROJECT_VERSION = 1;
				DEVELOPMENT_TEAM = RYD4R2QLW8;
				GENERATE_INFOPLIST_FILE = YES;
				MARKETING_VERSION = 1.0;
				PRODUCT_BUNDLE_IDENTIFIER = "com.SwiftConcurrencyTest-MVP.SwiftConcurrencyTest-MVPUITests";
				PRODUCT_NAME = "$(TARGET_NAME)";
				SWIFT_EMIT_LOC_STRINGS = NO;
				SWIFT_VERSION = 5.0;
				TARGETED_DEVICE_FAMILY = "1,2";
				TEST_TARGET_NAME = "SwiftConcurrencyTest-MVP";
			};
			name = Debug;
		};
		BCCA1C902872C08E006B3493 /* Release */ = {
			isa = XCBuildConfiguration;
			buildSettings = {
				ALWAYS_EMBED_SWIFT_STANDARD_LIBRARIES = YES;
				CODE_SIGN_STYLE = Automatic;
				CURRENT_PROJECT_VERSION = 1;
				DEVELOPMENT_TEAM = RYD4R2QLW8;
				GENERATE_INFOPLIST_FILE = YES;
				MARKETING_VERSION = 1.0;
				PRODUCT_BUNDLE_IDENTIFIER = "com.SwiftConcurrencyTest-MVP.SwiftConcurrencyTest-MVPUITests";
				PRODUCT_NAME = "$(TARGET_NAME)";
				SWIFT_EMIT_LOC_STRINGS = NO;
				SWIFT_VERSION = 5.0;
				TARGETED_DEVICE_FAMILY = "1,2";
				TEST_TARGET_NAME = "SwiftConcurrencyTest-MVP";
			};
			name = Release;
		};
/* End XCBuildConfiguration section */

/* Begin XCConfigurationList section */
		BCCA1C592872C08D006B3493 /* Build configuration list for PBXProject "SwiftConcurrencyTest-MVP" */ = {
			isa = XCConfigurationList;
			buildConfigurations = (
				BCCA1C862872C08E006B3493 /* Debug */,
				BCCA1C872872C08E006B3493 /* Release */,
			);
			defaultConfigurationIsVisible = 0;
			defaultConfigurationName = Release;
		};
		BCCA1C882872C08E006B3493 /* Build configuration list for PBXNativeTarget "SwiftConcurrencyTest-MVP" */ = {
			isa = XCConfigurationList;
			buildConfigurations = (
				BCCA1C892872C08E006B3493 /* Debug */,
				BCCA1C8A2872C08E006B3493 /* Release */,
			);
			defaultConfigurationIsVisible = 0;
			defaultConfigurationName = Release;
		};
		BCCA1C8B2872C08E006B3493 /* Build configuration list for PBXNativeTarget "SwiftConcurrencyTest-MVPTests" */ = {
			isa = XCConfigurationList;
			buildConfigurations = (
				BCCA1C8C2872C08E006B3493 /* Debug */,
				BCCA1C8D2872C08E006B3493 /* Release */,
			);
			defaultConfigurationIsVisible = 0;
			defaultConfigurationName = Release;
		};
		BCCA1C8E2872C08E006B3493 /* Build configuration list for PBXNativeTarget "SwiftConcurrencyTest-MVPUITests" */ = {
			isa = XCConfigurationList;
			buildConfigurations = (
				BCCA1C8F2872C08E006B3493 /* Debug */,
				BCCA1C902872C08E006B3493 /* Release */,
			);
			defaultConfigurationIsVisible = 0;
			defaultConfigurationName = Release;
		};
/* End XCConfigurationList section */

/* Begin XCRemoteSwiftPackageReference section */
		BC56AF19287D99900037AA07 /* XCRemoteSwiftPackageReference "Alamofire" */ = {
			isa = XCRemoteSwiftPackageReference;
			repositoryURL = "https://github.com/Alamofire/Alamofire#installation";
			requirement = {
				kind = upToNextMajorVersion;
				minimumVersion = 5.6.1;
			};
		};
		BC56AF1C287D99C20037AA07 /* XCRemoteSwiftPackageReference "CombineCocoa" */ = {
			isa = XCRemoteSwiftPackageReference;
			repositoryURL = "https://github.com/CombineCommunity/CombineCocoa";
			requirement = {
				kind = upToNextMajorVersion;
				minimumVersion = 0.4.0;
			};
		};
		BC56AF1F287D99FB0037AA07 /* XCRemoteSwiftPackageReference "SkeletonView" */ = {
			isa = XCRemoteSwiftPackageReference;
			repositoryURL = "https://github.com/Juanpe/SkeletonView";
			requirement = {
				kind = upToNextMajorVersion;
				minimumVersion = 1.7.0;
			};
		};
		BC7CE3672872C6BC004D9DD8 /* XCRemoteSwiftPackageReference "Kingfisher" */ = {
			isa = XCRemoteSwiftPackageReference;
			repositoryURL = "https://github.com/onevcat/Kingfisher";
			requirement = {
				branch = master;
				kind = branch;
			};
		};
		BC7CE36A2872C6CF004D9DD8 /* XCRemoteSwiftPackageReference "Instantiate" */ = {
			isa = XCRemoteSwiftPackageReference;
			repositoryURL = "https://github.com/tarunon/Instantiate";
			requirement = {
				branch = master;
				kind = branch;
			};
		};
		BC7CE36B2872C6EC004D9DD8 /* XCRemoteSwiftPackageReference "PKHUD" */ = {
			isa = XCRemoteSwiftPackageReference;
			repositoryURL = "https://github.com/pkluz/PKHUD";
			requirement = {
				branch = master;
				kind = branch;
			};
		};
		BC7CE36E2872C706004D9DD8 /* XCRemoteSwiftPackageReference "Instantiate" */ = {
			isa = XCRemoteSwiftPackageReference;
			repositoryURL = "https://github.com/tarunon/Instantiate";
			requirement = {
				branch = master;
				kind = branch;
			};
		};
/* End XCRemoteSwiftPackageReference section */

/* Begin XCSwiftPackageProductDependency section */
		BC56AF1A287D99900037AA07 /* Alamofire */ = {
			isa = XCSwiftPackageProductDependency;
			package = BC56AF19287D99900037AA07 /* XCRemoteSwiftPackageReference "Alamofire" */;
			productName = Alamofire;
		};
		BC56AF1D287D99C20037AA07 /* CombineCocoa */ = {
			isa = XCSwiftPackageProductDependency;
			package = BC56AF1C287D99C20037AA07 /* XCRemoteSwiftPackageReference "CombineCocoa" */;
			productName = CombineCocoa;
		};
		BC56AF20287D99FB0037AA07 /* SkeletonView */ = {
			isa = XCSwiftPackageProductDependency;
			package = BC56AF1F287D99FB0037AA07 /* XCRemoteSwiftPackageReference "SkeletonView" */;
			productName = SkeletonView;
		};
		BC7CE3682872C6BC004D9DD8 /* Kingfisher */ = {
			isa = XCSwiftPackageProductDependency;
			package = BC7CE3672872C6BC004D9DD8 /* XCRemoteSwiftPackageReference "Kingfisher" */;
			productName = Kingfisher;
		};
		BC7CE36C2872C6EC004D9DD8 /* PKHUD */ = {
			isa = XCSwiftPackageProductDependency;
			package = BC7CE36B2872C6EC004D9DD8 /* XCRemoteSwiftPackageReference "PKHUD" */;
			productName = PKHUD;
		};
		BC7CE36F2872C706004D9DD8 /* Instantiate */ = {
			isa = XCSwiftPackageProductDependency;
			package = BC7CE36A2872C6CF004D9DD8 /* XCRemoteSwiftPackageReference "Instantiate" */;
			productName = Instantiate;
		};
		BC7CE3712872C706004D9DD8 /* InstantiateStandard */ = {
			isa = XCSwiftPackageProductDependency;
			package = BC7CE36A2872C6CF004D9DD8 /* XCRemoteSwiftPackageReference "Instantiate" */;
			productName = InstantiateStandard;
		};
/* End XCSwiftPackageProductDependency section */
	};
	rootObject = BCCA1C562872C08D006B3493 /* Project object */;
}
